// !$*UTF8*$!
{
	archiveVersion = 1;
	classes = {
	};
	objectVersion = 48;
	objects = {

/* Begin PBXBuildFile section */
		77E4F242ECF318E7C91C642E /* Pods_test.framework in Frameworks */ = {isa = PBXBuildFile; fileRef = D2171BA9FCD72BB49C60102A /* Pods_test.framework */; };
		83367557BB2BB77C84AA20DB /* Pods_testTests.framework in Frameworks */ = {isa = PBXBuildFile; fileRef = B7A354927557FD0FC2CF6B1B /* Pods_testTests.framework */; };
		D2931F031FB5452F00046443 /* AppDelegate.m in Sources */ = {isa = PBXBuildFile; fileRef = D2931F021FB5452F00046443 /* AppDelegate.m */; };
		D2931F061FB5452F00046443 /* ViewController.m in Sources */ = {isa = PBXBuildFile; fileRef = D2931F051FB5452F00046443 /* ViewController.m */; };
		D2931F091FB5452F00046443 /* Main.storyboard in Resources */ = {isa = PBXBuildFile; fileRef = D2931F071FB5452F00046443 /* Main.storyboard */; };
		D2931F0B1FB5452F00046443 /* Assets.xcassets in Resources */ = {isa = PBXBuildFile; fileRef = D2931F0A1FB5452F00046443 /* Assets.xcassets */; };
		D2931F0E1FB5452F00046443 /* LaunchScreen.storyboard in Resources */ = {isa = PBXBuildFile; fileRef = D2931F0C1FB5452F00046443 /* LaunchScreen.storyboard */; };
		D2931F111FB5452F00046443 /* main.m in Sources */ = {isa = PBXBuildFile; fileRef = D2931F101FB5452F00046443 /* main.m */; };
		D2931F1B1FB5452F00046443 /* testTests.m in Sources */ = {isa = PBXBuildFile; fileRef = D2931F1A1FB5452F00046443 /* testTests.m */; };
		D2931F261FB5452F00046443 /* testUITests.m in Sources */ = {isa = PBXBuildFile; fileRef = D2931F251FB5452F00046443 /* testUITests.m */; };
		ED0F4E7A392A93A70030E3EF /* Pods_testUITests.framework in Frameworks */ = {isa = PBXBuildFile; fileRef = 48F382D9F8315558C12E7FEC /* Pods_testUITests.framework */; };
/* End PBXBuildFile section */

/* Begin PBXContainerItemProxy section */
		D2931F171FB5452F00046443 /* PBXContainerItemProxy */ = {
			isa = PBXContainerItemProxy;
			containerPortal = D2931EF61FB5452F00046443 /* Project object */;
			proxyType = 1;
			remoteGlobalIDString = D2931EFD1FB5452F00046443;
			remoteInfo = test;
		};
		D2931F221FB5452F00046443 /* PBXContainerItemProxy */ = {
			isa = PBXContainerItemProxy;
			containerPortal = D2931EF61FB5452F00046443 /* Project object */;
			proxyType = 1;
			remoteGlobalIDString = D2931EFD1FB5452F00046443;
			remoteInfo = test;
		};
/* End PBXContainerItemProxy section */

/* Begin PBXFileReference section */
		48F382D9F8315558C12E7FEC /* Pods_testUITests.framework */ = {isa = PBXFileReference; explicitFileType = wrapper.framework; includeInIndex = 0; path = Pods_testUITests.framework; sourceTree = BUILT_PRODUCTS_DIR; };
		58C1DB5F0BACCB7527FD6205 /* Pods-testUITests.debug.xcconfig */ = {isa = PBXFileReference; includeInIndex = 1; lastKnownFileType = text.xcconfig; name = "Pods-testUITests.debug.xcconfig"; path = "Pods/Target Support Files/Pods-testUITests/Pods-testUITests.debug.xcconfig"; sourceTree = "<group>"; };
		875A4B9E7EBC719036232F81 /* Pods-testTests.debug.xcconfig */ = {isa = PBXFileReference; includeInIndex = 1; lastKnownFileType = text.xcconfig; name = "Pods-testTests.debug.xcconfig"; path = "Pods/Target Support Files/Pods-testTests/Pods-testTests.debug.xcconfig"; sourceTree = "<group>"; };
		9026C81D36B5C7D18D7CEE37 /* Pods-test.debug.xcconfig */ = {isa = PBXFileReference; includeInIndex = 1; lastKnownFileType = text.xcconfig; name = "Pods-test.debug.xcconfig"; path = "Pods/Target Support Files/Pods-test/Pods-test.debug.xcconfig"; sourceTree = "<group>"; };
		A9F22D572FFBD33A30D6DB04 /* Pods-test.release.xcconfig */ = {isa = PBXFileReference; includeInIndex = 1; lastKnownFileType = text.xcconfig; name = "Pods-test.release.xcconfig"; path = "Pods/Target Support Files/Pods-test/Pods-test.release.xcconfig"; sourceTree = "<group>"; };
		B7A354927557FD0FC2CF6B1B /* Pods_testTests.framework */ = {isa = PBXFileReference; explicitFileType = wrapper.framework; includeInIndex = 0; path = Pods_testTests.framework; sourceTree = BUILT_PRODUCTS_DIR; };
		CB9B6CC9836ECED258F42780 /* Pods-testTests.release.xcconfig */ = {isa = PBXFileReference; includeInIndex = 1; lastKnownFileType = text.xcconfig; name = "Pods-testTests.release.xcconfig"; path = "Pods/Target Support Files/Pods-testTests/Pods-testTests.release.xcconfig"; sourceTree = "<group>"; };
		D2171BA9FCD72BB49C60102A /* Pods_test.framework */ = {isa = PBXFileReference; explicitFileType = wrapper.framework; includeInIndex = 0; path = Pods_test.framework; sourceTree = BUILT_PRODUCTS_DIR; };
		D2931EFE1FB5452F00046443 /* test.app */ = {isa = PBXFileReference; explicitFileType = wrapper.application; includeInIndex = 0; path = test.app; sourceTree = BUILT_PRODUCTS_DIR; };
		D2931F011FB5452F00046443 /* AppDelegate.h */ = {isa = PBXFileReference; lastKnownFileType = sourcecode.c.h; path = AppDelegate.h; sourceTree = "<group>"; };
		D2931F021FB5452F00046443 /* AppDelegate.m */ = {isa = PBXFileReference; lastKnownFileType = sourcecode.c.objc; path = AppDelegate.m; sourceTree = "<group>"; };
		D2931F041FB5452F00046443 /* ViewController.h */ = {isa = PBXFileReference; lastKnownFileType = sourcecode.c.h; path = ViewController.h; sourceTree = "<group>"; };
		D2931F051FB5452F00046443 /* ViewController.m */ = {isa = PBXFileReference; lastKnownFileType = sourcecode.c.objc; path = ViewController.m; sourceTree = "<group>"; };
		D2931F081FB5452F00046443 /* Base */ = {isa = PBXFileReference; lastKnownFileType = file.storyboard; name = Base; path = Base.lproj/Main.storyboard; sourceTree = "<group>"; };
		D2931F0A1FB5452F00046443 /* Assets.xcassets */ = {isa = PBXFileReference; lastKnownFileType = folder.assetcatalog; path = Assets.xcassets; sourceTree = "<group>"; };
		D2931F0D1FB5452F00046443 /* Base */ = {isa = PBXFileReference; lastKnownFileType = file.storyboard; name = Base; path = Base.lproj/LaunchScreen.storyboard; sourceTree = "<group>"; };
		D2931F0F1FB5452F00046443 /* Info.plist */ = {isa = PBXFileReference; lastKnownFileType = text.plist.xml; path = Info.plist; sourceTree = "<group>"; };
		D2931F101FB5452F00046443 /* main.m */ = {isa = PBXFileReference; lastKnownFileType = sourcecode.c.objc; path = main.m; sourceTree = "<group>"; };
		D2931F161FB5452F00046443 /* testTests.xctest */ = {isa = PBXFileReference; explicitFileType = wrapper.cfbundle; includeInIndex = 0; path = testTests.xctest; sourceTree = BUILT_PRODUCTS_DIR; };
		D2931F1A1FB5452F00046443 /* testTests.m */ = {isa = PBXFileReference; lastKnownFileType = sourcecode.c.objc; path = testTests.m; sourceTree = "<group>"; };
		D2931F1C1FB5452F00046443 /* Info.plist */ = {isa = PBXFileReference; lastKnownFileType = text.plist.xml; path = Info.plist; sourceTree = "<group>"; };
		D2931F211FB5452F00046443 /* testUITests.xctest */ = {isa = PBXFileReference; explicitFileType = wrapper.cfbundle; includeInIndex = 0; path = testUITests.xctest; sourceTree = BUILT_PRODUCTS_DIR; };
		D2931F251FB5452F00046443 /* testUITests.m */ = {isa = PBXFileReference; lastKnownFileType = sourcecode.c.objc; path = testUITests.m; sourceTree = "<group>"; };
		D2931F271FB5452F00046443 /* Info.plist */ = {isa = PBXFileReference; lastKnownFileType = text.plist.xml; path = Info.plist; sourceTree = "<group>"; };
		DD47A0C084E37F5983FC1E92 /* Pods-testUITests.release.xcconfig */ = {isa = PBXFileReference; includeInIndex = 1; lastKnownFileType = text.xcconfig; name = "Pods-testUITests.release.xcconfig"; path = "Pods/Target Support Files/Pods-testUITests/Pods-testUITests.release.xcconfig"; sourceTree = "<group>"; };
/* End PBXFileReference section */

/* Begin PBXFrameworksBuildPhase section */
		D2931EFB1FB5452F00046443 /* Frameworks */ = {
			isa = PBXFrameworksBuildPhase;
			buildActionMask = 2147483647;
			files = (
				77E4F242ECF318E7C91C642E /* Pods_test.framework in Frameworks */,
			);
			runOnlyForDeploymentPostprocessing = 0;
		};
		D2931F131FB5452F00046443 /* Frameworks */ = {
			isa = PBXFrameworksBuildPhase;
			buildActionMask = 2147483647;
			files = (
				83367557BB2BB77C84AA20DB /* Pods_testTests.framework in Frameworks */,
			);
			runOnlyForDeploymentPostprocessing = 0;
		};
		D2931F1E1FB5452F00046443 /* Frameworks */ = {
			isa = PBXFrameworksBuildPhase;
			buildActionMask = 2147483647;
			files = (
				ED0F4E7A392A93A70030E3EF /* Pods_testUITests.framework in Frameworks */,
			);
			runOnlyForDeploymentPostprocessing = 0;
		};
/* End PBXFrameworksBuildPhase section */

/* Begin PBXGroup section */
		19237ACEB143EA345ACF3E60 /* Pods */ = {
			isa = PBXGroup;
			children = (
				9026C81D36B5C7D18D7CEE37 /* Pods-test.debug.xcconfig */,
				A9F22D572FFBD33A30D6DB04 /* Pods-test.release.xcconfig */,
				875A4B9E7EBC719036232F81 /* Pods-testTests.debug.xcconfig */,
				CB9B6CC9836ECED258F42780 /* Pods-testTests.release.xcconfig */,
				58C1DB5F0BACCB7527FD6205 /* Pods-testUITests.debug.xcconfig */,
				DD47A0C084E37F5983FC1E92 /* Pods-testUITests.release.xcconfig */,
			);
			name = Pods;
			sourceTree = "<group>";
		};
		7362FC1F626DF0B139759DA3 /* Frameworks */ = {
			isa = PBXGroup;
			children = (
				D2171BA9FCD72BB49C60102A /* Pods_test.framework */,
				B7A354927557FD0FC2CF6B1B /* Pods_testTests.framework */,
				48F382D9F8315558C12E7FEC /* Pods_testUITests.framework */,
			);
			name = Frameworks;
			sourceTree = "<group>";
		};
		D2931EF51FB5452F00046443 = {
			isa = PBXGroup;
			children = (
				D2931F001FB5452F00046443 /* test */,
				D2931F191FB5452F00046443 /* testTests */,
				D2931F241FB5452F00046443 /* testUITests */,
				D2931EFF1FB5452F00046443 /* Products */,
				19237ACEB143EA345ACF3E60 /* Pods */,
				7362FC1F626DF0B139759DA3 /* Frameworks */,
			);
			sourceTree = "<group>";
		};
		D2931EFF1FB5452F00046443 /* Products */ = {
			isa = PBXGroup;
			children = (
				D2931EFE1FB5452F00046443 /* test.app */,
				D2931F161FB5452F00046443 /* testTests.xctest */,
				D2931F211FB5452F00046443 /* testUITests.xctest */,
			);
			name = Products;
			sourceTree = "<group>";
		};
		D2931F001FB5452F00046443 /* test */ = {
			isa = PBXGroup;
			children = (
				D2931F011FB5452F00046443 /* AppDelegate.h */,
				D2931F021FB5452F00046443 /* AppDelegate.m */,
				D2931F041FB5452F00046443 /* ViewController.h */,
				D2931F051FB5452F00046443 /* ViewController.m */,
				D2931F071FB5452F00046443 /* Main.storyboard */,
				D2931F0A1FB5452F00046443 /* Assets.xcassets */,
				D2931F0C1FB5452F00046443 /* LaunchScreen.storyboard */,
				D2931F0F1FB5452F00046443 /* Info.plist */,
				D2931F101FB5452F00046443 /* main.m */,
			);
			path = test;
			sourceTree = "<group>";
		};
		D2931F191FB5452F00046443 /* testTests */ = {
			isa = PBXGroup;
			children = (
				D2931F1A1FB5452F00046443 /* testTests.m */,
				D2931F1C1FB5452F00046443 /* Info.plist */,
			);
			path = testTests;
			sourceTree = "<group>";
		};
		D2931F241FB5452F00046443 /* testUITests */ = {
			isa = PBXGroup;
			children = (
				D2931F251FB5452F00046443 /* testUITests.m */,
				D2931F271FB5452F00046443 /* Info.plist */,
			);
			path = testUITests;
			sourceTree = "<group>";
		};
/* End PBXGroup section */

/* Begin PBXNativeTarget section */
		D2931EFD1FB5452F00046443 /* test */ = {
			isa = PBXNativeTarget;
			buildConfigurationList = D2931F2A1FB5452F00046443 /* Build configuration list for PBXNativeTarget "test" */;
			buildPhases = (
				D6D1E9089E0229C784BEECBD /* [CP] Check Pods Manifest.lock */,
				D2931EFA1FB5452F00046443 /* Sources */,
				D2931EFB1FB5452F00046443 /* Frameworks */,
				D2931EFC1FB5452F00046443 /* Resources */,
				E7598748E3377B263E8BADAC /* [CP] Embed Pods Frameworks */,
				84BC5FB7A8C07A2F973B694E /* [CP] Copy Pods Resources */,
			);
			buildRules = (
			);
			dependencies = (
			);
			name = test;
			productName = test;
			productReference = D2931EFE1FB5452F00046443 /* test.app */;
			productType = "com.apple.product-type.application";
		};
		D2931F151FB5452F00046443 /* testTests */ = {
			isa = PBXNativeTarget;
			buildConfigurationList = D2931F2D1FB5452F00046443 /* Build configuration list for PBXNativeTarget "testTests" */;
			buildPhases = (
				78A6FB250D9868CCD9932713 /* [CP] Check Pods Manifest.lock */,
				D2931F121FB5452F00046443 /* Sources */,
				D2931F131FB5452F00046443 /* Frameworks */,
				D2931F141FB5452F00046443 /* Resources */,
				E779390804CEEDB3E9C44C5D /* [CP] Embed Pods Frameworks */,
				7B2B5D1EC62CD8D7ABD1664A /* [CP] Copy Pods Resources */,
			);
			buildRules = (
			);
			dependencies = (
				D2931F181FB5452F00046443 /* PBXTargetDependency */,
			);
			name = testTests;
			productName = testTests;
			productReference = D2931F161FB5452F00046443 /* testTests.xctest */;
			productType = "com.apple.product-type.bundle.unit-test";
		};
		D2931F201FB5452F00046443 /* testUITests */ = {
			isa = PBXNativeTarget;
			buildConfigurationList = D2931F301FB5452F00046443 /* Build configuration list for PBXNativeTarget "testUITests" */;
			buildPhases = (
				47AB5FA4A39FE41A42677BE7 /* [CP] Check Pods Manifest.lock */,
				D2931F1D1FB5452F00046443 /* Sources */,
				D2931F1E1FB5452F00046443 /* Frameworks */,
				D2931F1F1FB5452F00046443 /* Resources */,
				81A28A0F7EF7C3944A69C386 /* [CP] Embed Pods Frameworks */,
				471E48A17855F79C2A3E6D6C /* [CP] Copy Pods Resources */,
			);
			buildRules = (
			);
			dependencies = (
				D2931F231FB5452F00046443 /* PBXTargetDependency */,
			);
			name = testUITests;
			productName = testUITests;
			productReference = D2931F211FB5452F00046443 /* testUITests.xctest */;
			productType = "com.apple.product-type.bundle.ui-testing";
		};
/* End PBXNativeTarget section */

/* Begin PBXProject section */
		D2931EF61FB5452F00046443 /* Project object */ = {
			isa = PBXProject;
			attributes = {
				LastUpgradeCheck = 0910;
				ORGANIZATIONNAME = wanghongliang;
				TargetAttributes = {
					D2931EFD1FB5452F00046443 = {
						CreatedOnToolsVersion = 9.1;
						ProvisioningStyle = Automatic;
					};
					D2931F151FB5452F00046443 = {
						CreatedOnToolsVersion = 9.1;
						ProvisioningStyle = Automatic;
						TestTargetID = D2931EFD1FB5452F00046443;
					};
					D2931F201FB5452F00046443 = {
						CreatedOnToolsVersion = 9.1;
						ProvisioningStyle = Automatic;
						TestTargetID = D2931EFD1FB5452F00046443;
					};
				};
			};
			buildConfigurationList = D2931EF91FB5452F00046443 /* Build configuration list for PBXProject "test" */;
			compatibilityVersion = "Xcode 8.0";
			developmentRegion = en;
			hasScannedForEncodings = 0;
			knownRegions = (
				en,
				Base,
			);
			mainGroup = D2931EF51FB5452F00046443;
			productRefGroup = D2931EFF1FB5452F00046443 /* Products */;
			projectDirPath = "";
			projectRoot = "";
			targets = (
				D2931EFD1FB5452F00046443 /* test */,
				D2931F151FB5452F00046443 /* testTests */,
				D2931F201FB5452F00046443 /* testUITests */,
			);
		};
/* End PBXProject section */

/* Begin PBXResourcesBuildPhase section */
		D2931EFC1FB5452F00046443 /* Resources */ = {
			isa = PBXResourcesBuildPhase;
			buildActionMask = 2147483647;
			files = (
				D2931F0E1FB5452F00046443 /* LaunchScreen.storyboard in Resources */,
				D2931F0B1FB5452F00046443 /* Assets.xcassets in Resources */,
				D2931F091FB5452F00046443 /* Main.storyboard in Resources */,
			);
			runOnlyForDeploymentPostprocessing = 0;
		};
		D2931F141FB5452F00046443 /* Resources */ = {
			isa = PBXResourcesBuildPhase;
			buildActionMask = 2147483647;
			files = (
			);
			runOnlyForDeploymentPostprocessing = 0;
		};
		D2931F1F1FB5452F00046443 /* Resources */ = {
			isa = PBXResourcesBuildPhase;
			buildActionMask = 2147483647;
			files = (
			);
			runOnlyForDeploymentPostprocessing = 0;
		};
/* End PBXResourcesBuildPhase section */

/* Begin PBXShellScriptBuildPhase section */
		471E48A17855F79C2A3E6D6C /* [CP] Copy Pods Resources */ = {
			isa = PBXShellScriptBuildPhase;
			buildActionMask = 2147483647;
			files = (
			);
			inputPaths = (
			);
			name = "[CP] Copy Pods Resources";
			outputPaths = (
			);
			runOnlyForDeploymentPostprocessing = 0;
			shellPath = /bin/sh;
			shellScript = "\"${SRCROOT}/Pods/Target Support Files/Pods-testUITests/Pods-testUITests-resources.sh\"\n";
			showEnvVarsInLog = 0;
		};
		47AB5FA4A39FE41A42677BE7 /* [CP] Check Pods Manifest.lock */ = {
			isa = PBXShellScriptBuildPhase;
			buildActionMask = 2147483647;
			files = (
			);
			inputPaths = (
			);
			name = "[CP] Check Pods Manifest.lock";
			outputPaths = (
			);
			runOnlyForDeploymentPostprocessing = 0;
			shellPath = /bin/sh;
			shellScript = "diff \"${PODS_ROOT}/../Podfile.lock\" \"${PODS_ROOT}/Manifest.lock\" > /dev/null\nif [ $? != 0 ] ; then\n    # print error to STDERR\n    echo \"error: The sandbox is not in sync with the Podfile.lock. Run 'pod install' or update your CocoaPods installation.\" >&2\n    exit 1\nfi\n";
			showEnvVarsInLog = 0;
		};
		78A6FB250D9868CCD9932713 /* [CP] Check Pods Manifest.lock */ = {
			isa = PBXShellScriptBuildPhase;
			buildActionMask = 2147483647;
			files = (
			);
			inputPaths = (
			);
			name = "[CP] Check Pods Manifest.lock";
			outputPaths = (
			);
			runOnlyForDeploymentPostprocessing = 0;
			shellPath = /bin/sh;
			shellScript = "diff \"${PODS_ROOT}/../Podfile.lock\" \"${PODS_ROOT}/Manifest.lock\" > /dev/null\nif [ $? != 0 ] ; then\n    # print error to STDERR\n    echo \"error: The sandbox is not in sync with the Podfile.lock. Run 'pod install' or update your CocoaPods installation.\" >&2\n    exit 1\nfi\n";
			showEnvVarsInLog = 0;
		};
		7B2B5D1EC62CD8D7ABD1664A /* [CP] Copy Pods Resources */ = {
			isa = PBXShellScriptBuildPhase;
			buildActionMask = 2147483647;
			files = (
			);
			inputPaths = (
			);
			name = "[CP] Copy Pods Resources";
			outputPaths = (
			);
			runOnlyForDeploymentPostprocessing = 0;
			shellPath = /bin/sh;
			shellScript = "\"${SRCROOT}/Pods/Target Support Files/Pods-testTests/Pods-testTests-resources.sh\"\n";
			showEnvVarsInLog = 0;
		};
		81A28A0F7EF7C3944A69C386 /* [CP] Embed Pods Frameworks */ = {
			isa = PBXShellScriptBuildPhase;
			buildActionMask = 2147483647;
			files = (
			);
			inputPaths = (
			);
			name = "[CP] Embed Pods Frameworks";
			outputPaths = (
			);
			runOnlyForDeploymentPostprocessing = 0;
			shellPath = /bin/sh;
			shellScript = "\"${SRCROOT}/Pods/Target Support Files/Pods-testUITests/Pods-testUITests-frameworks.sh\"\n";
			showEnvVarsInLog = 0;
		};
		84BC5FB7A8C07A2F973B694E /* [CP] Copy Pods Resources */ = {
			isa = PBXShellScriptBuildPhase;
			buildActionMask = 2147483647;
			files = (
			);
			inputPaths = (
			);
			name = "[CP] Copy Pods Resources";
			outputPaths = (
			);
			runOnlyForDeploymentPostprocessing = 0;
			shellPath = /bin/sh;
			shellScript = "\"${SRCROOT}/Pods/Target Support Files/Pods-test/Pods-test-resources.sh\"\n";
			showEnvVarsInLog = 0;
		};
		D6D1E9089E0229C784BEECBD /* [CP] Check Pods Manifest.lock */ = {
			isa = PBXShellScriptBuildPhase;
			buildActionMask = 2147483647;
			files = (
			);
			inputPaths = (
			);
			name = "[CP] Check Pods Manifest.lock";
			outputPaths = (
			);
			runOnlyForDeploymentPostprocessing = 0;
			shellPath = /bin/sh;
			shellScript = "diff \"${PODS_ROOT}/../Podfile.lock\" \"${PODS_ROOT}/Manifest.lock\" > /dev/null\nif [ $? != 0 ] ; then\n    # print error to STDERR\n    echo \"error: The sandbox is not in sync with the Podfile.lock. Run 'pod install' or update your CocoaPods installation.\" >&2\n    exit 1\nfi\n";
			showEnvVarsInLog = 0;
		};
		E7598748E3377B263E8BADAC /* [CP] Embed Pods Frameworks */ = {
			isa = PBXShellScriptBuildPhase;
			buildActionMask = 2147483647;
			files = (
			);
			inputPaths = (
			);
			name = "[CP] Embed Pods Frameworks";
			outputPaths = (
			);
			runOnlyForDeploymentPostprocessing = 0;
			shellPath = /bin/sh;
			shellScript = "\"${SRCROOT}/Pods/Target Support Files/Pods-test/Pods-test-frameworks.sh\"\n";
			showEnvVarsInLog = 0;
		};
		E779390804CEEDB3E9C44C5D /* [CP] Embed Pods Frameworks */ = {
			isa = PBXShellScriptBuildPhase;
			buildActionMask = 2147483647;
			files = (
			);
			inputPaths = (
			);
			name = "[CP] Embed Pods Frameworks";
			outputPaths = (
			);
			runOnlyForDeploymentPostprocessing = 0;
			shellPath = /bin/sh;
			shellScript = "\"${SRCROOT}/Pods/Target Support Files/Pods-testTests/Pods-testTests-frameworks.sh\"\n";
			showEnvVarsInLog = 0;
		};
/* End PBXShellScriptBuildPhase section */

/* Begin PBXSourcesBuildPhase section */
		D2931EFA1FB5452F00046443 /* Sources */ = {
			isa = PBXSourcesBuildPhase;
			buildActionMask = 2147483647;
			files = (
				D2931F061FB5452F00046443 /* ViewController.m in Sources */,
				D2931F111FB5452F00046443 /* main.m in Sources */,
				D2931F031FB5452F00046443 /* AppDelegate.m in Sources */,
			);
			runOnlyForDeploymentPostprocessing = 0;
		};
		D2931F121FB5452F00046443 /* Sources */ = {
			isa = PBXSourcesBuildPhase;
			buildActionMask = 2147483647;
			files = (
				D2931F1B1FB5452F00046443 /* testTests.m in Sources */,
			);
			runOnlyForDeploymentPostprocessing = 0;
		};
		D2931F1D1FB5452F00046443 /* Sources */ = {
			isa = PBXSourcesBuildPhase;
			buildActionMask = 2147483647;
			files = (
				D2931F261FB5452F00046443 /* testUITests.m in Sources */,
			);
			runOnlyForDeploymentPostprocessing = 0;
		};
/* End PBXSourcesBuildPhase section */

/* Begin PBXTargetDependency section */
		D2931F181FB5452F00046443 /* PBXTargetDependency */ = {
			isa = PBXTargetDependency;
			target = D2931EFD1FB5452F00046443 /* test */;
			targetProxy = D2931F171FB5452F00046443 /* PBXContainerItemProxy */;
		};
		D2931F231FB5452F00046443 /* PBXTargetDependency */ = {
			isa = PBXTargetDependency;
			target = D2931EFD1FB5452F00046443 /* test */;
			targetProxy = D2931F221FB5452F00046443 /* PBXContainerItemProxy */;
		};
/* End PBXTargetDependency section */

/* Begin PBXVariantGroup section */
		D2931F071FB5452F00046443 /* Main.storyboard */ = {
			isa = PBXVariantGroup;
			children = (
				D2931F081FB5452F00046443 /* Base */,
			);
			name = Main.storyboard;
			sourceTree = "<group>";
		};
		D2931F0C1FB5452F00046443 /* LaunchScreen.storyboard */ = {
			isa = PBXVariantGroup;
			children = (
				D2931F0D1FB5452F00046443 /* Base */,
			);
			name = LaunchScreen.storyboard;
			sourceTree = "<group>";
		};
/* End PBXVariantGroup section */

/* Begin XCBuildConfiguration section */
		D2931F281FB5452F00046443 /* Debug */ = {
			isa = XCBuildConfiguration;
			buildSettings = {
				ALWAYS_SEARCH_USER_PATHS = NO;
				CLANG_ANALYZER_NONNULL = YES;
				CLANG_ANALYZER_NUMBER_OBJECT_CONVERSION = YES_AGGRESSIVE;
				CLANG_CXX_LANGUAGE_STANDARD = "gnu++14";
				CLANG_CXX_LIBRARY = "libc++";
				CLANG_ENABLE_MODULES = YES;
				CLANG_ENABLE_OBJC_ARC = YES;
				CLANG_WARN_BLOCK_CAPTURE_AUTORELEASING = YES;
				CLANG_WARN_BOOL_CONVERSION = YES;
				CLANG_WARN_COMMA = YES;
				CLANG_WARN_CONSTANT_CONVERSION = YES;
				CLANG_WARN_DIRECT_OBJC_ISA_USAGE = YES_ERROR;
				CLANG_WARN_DOCUMENTATION_COMMENTS = YES;
				CLANG_WARN_EMPTY_BODY = YES;
				CLANG_WARN_ENUM_CONVERSION = YES;
				CLANG_WARN_INFINITE_RECURSION = YES;
				CLANG_WARN_INT_CONVERSION = YES;
				CLANG_WARN_NON_LITERAL_NULL_CONVERSION = YES;
				CLANG_WARN_OBJC_LITERAL_CONVERSION = YES;
				CLANG_WARN_OBJC_ROOT_CLASS = YES_ERROR;
				CLANG_WARN_RANGE_LOOP_ANALYSIS = YES;
				CLANG_WARN_STRICT_PROTOTYPES = YES;
				CLANG_WARN_SUSPICIOUS_MOVE = YES;
				CLANG_WARN_UNGUARDED_AVAILABILITY = YES_AGGRESSIVE;
				CLANG_WARN_UNREACHABLE_CODE = YES;
				CLANG_WARN__DUPLICATE_METHOD_MATCH = YES;
				CODE_SIGN_IDENTITY = "iPhone Developer";
				COPY_PHASE_STRIP = NO;
				DEBUG_INFORMATION_FORMAT = dwarf;
				ENABLE_STRICT_OBJC_MSGSEND = YES;
				ENABLE_TESTABILITY = YES;
				GCC_C_LANGUAGE_STANDARD = gnu11;
				GCC_DYNAMIC_NO_PIC = NO;
				GCC_NO_COMMON_BLOCKS = YES;
				GCC_OPTIMIZATION_LEVEL = 0;
				GCC_PREPROCESSOR_DEFINITIONS = (
					"DEBUG=1",
					"$(inherited)",
				);
				GCC_WARN_64_TO_32_BIT_CONVERSION = YES;
				GCC_WARN_ABOUT_RETURN_TYPE = YES_ERROR;
				GCC_WARN_UNDECLARED_SELECTOR = YES;
				GCC_WARN_UNINITIALIZED_AUTOS = YES_AGGRESSIVE;
				GCC_WARN_UNUSED_FUNCTION = YES;
				GCC_WARN_UNUSED_VARIABLE = YES;
				IPHONEOS_DEPLOYMENT_TARGET = 11.1;
				MTL_ENABLE_DEBUG_INFO = YES;
				ONLY_ACTIVE_ARCH = YES;
				SDKROOT = iphoneos;
			};
			name = Debug;
		};
		D2931F291FB5452F00046443 /* Release */ = {
			isa = XCBuildConfiguration;
			buildSettings = {
				ALWAYS_SEARCH_USER_PATHS = NO;
				CLANG_ANALYZER_NONNULL = YES;
				CLANG_ANALYZER_NUMBER_OBJECT_CONVERSION = YES_AGGRESSIVE;
				CLANG_CXX_LANGUAGE_STANDARD = "gnu++14";
				CLANG_CXX_LIBRARY = "libc++";
				CLANG_ENABLE_MODULES = YES;
				CLANG_ENABLE_OBJC_ARC = YES;
				CLANG_WARN_BLOCK_CAPTURE_AUTORELEASING = YES;
				CLANG_WARN_BOOL_CONVERSION = YES;
				CLANG_WARN_COMMA = YES;
				CLANG_WARN_CONSTANT_CONVERSION = YES;
				CLANG_WARN_DIRECT_OBJC_ISA_USAGE = YES_ERROR;
				CLANG_WARN_DOCUMENTATION_COMMENTS = YES;
				CLANG_WARN_EMPTY_BODY = YES;
				CLANG_WARN_ENUM_CONVERSION = YES;
				CLANG_WARN_INFINITE_RECURSION = YES;
				CLANG_WARN_INT_CONVERSION = YES;
				CLANG_WARN_NON_LITERAL_NULL_CONVERSION = YES;
				CLANG_WARN_OBJC_LITERAL_CONVERSION = YES;
				CLANG_WARN_OBJC_ROOT_CLASS = YES_ERROR;
				CLANG_WARN_RANGE_LOOP_ANALYSIS = YES;
				CLANG_WARN_STRICT_PROTOTYPES = YES;
				CLANG_WARN_SUSPICIOUS_MOVE = YES;
				CLANG_WARN_UNGUARDED_AVAILABILITY = YES_AGGRESSIVE;
				CLANG_WARN_UNREACHABLE_CODE = YES;
				CLANG_WARN__DUPLICATE_METHOD_MATCH = YES;
				CODE_SIGN_IDENTITY = "iPhone Developer";
				COPY_PHASE_STRIP = NO;
				DEBUG_INFORMATION_FORMAT = "dwarf-with-dsym";
				ENABLE_NS_ASSERTIONS = NO;
				ENABLE_STRICT_OBJC_MSGSEND = YES;
				GCC_C_LANGUAGE_STANDARD = gnu11;
				GCC_NO_COMMON_BLOCKS = YES;
				GCC_WARN_64_TO_32_BIT_CONVERSION = YES;
				GCC_WARN_ABOUT_RETURN_TYPE = YES_ERROR;
				GCC_WARN_UNDECLARED_SELECTOR = YES;
				GCC_WARN_UNINITIALIZED_AUTOS = YES_AGGRESSIVE;
				GCC_WARN_UNUSED_FUNCTION = YES;
				GCC_WARN_UNUSED_VARIABLE = YES;
				IPHONEOS_DEPLOYMENT_TARGET = 11.1;
				MTL_ENABLE_DEBUG_INFO = NO;
				SDKROOT = iphoneos;
				VALIDATE_PRODUCT = YES;
			};
			name = Release;
		};
		D2931F2B1FB5452F00046443 /* Debug */ = {
			isa = XCBuildConfiguration;
			baseConfigurationReference = 9026C81D36B5C7D18D7CEE37 /* Pods-test.debug.xcconfig */;
			buildSettings = {
				ASSETCATALOG_COMPILER_APPICON_NAME = AppIcon;
				CODE_SIGN_STYLE = Automatic;
				DEVELOPMENT_TEAM = 8BMSX4U4Z2;
				INFOPLIST_FILE = test/Info.plist;
				LD_RUNPATH_SEARCH_PATHS = "$(inherited) @executable_path/Frameworks";
				PRODUCT_BUNDLE_IDENTIFIER = com.fyts.fywlShop.test;
				PRODUCT_NAME = "$(TARGET_NAME)";
				TARGETED_DEVICE_FAMILY = "1,2";
			};
			name = Debug;
		};
		D2931F2C1FB5452F00046443 /* Release */ = {
			isa = XCBuildConfiguration;
			baseConfigurationReference = A9F22D572FFBD33A30D6DB04 /* Pods-test.release.xcconfig */;
			buildSettings = {
				ASSETCATALOG_COMPILER_APPICON_NAME = AppIcon;
				CODE_SIGN_STYLE = Automatic;
				DEVELOPMENT_TEAM = 8BMSX4U4Z2;
				INFOPLIST_FILE = test/Info.plist;
				LD_RUNPATH_SEARCH_PATHS = "$(inherited) @executable_path/Frameworks";
				PRODUCT_BUNDLE_IDENTIFIER = com.fyts.fywlShop.test;
				PRODUCT_NAME = "$(TARGET_NAME)";
				TARGETED_DEVICE_FAMILY = "1,2";
			};
			name = Release;
		};
		D2931F2E1FB5452F00046443 /* Debug */ = {
			isa = XCBuildConfiguration;
			baseConfigurationReference = 875A4B9E7EBC719036232F81 /* Pods-testTests.debug.xcconfig */;
			buildSettings = {
				BUNDLE_LOADER = "$(TEST_HOST)";
				CODE_SIGN_STYLE = Automatic;
				DEVELOPMENT_TEAM = 8BMSX4U4Z2;
				INFOPLIST_FILE = testTests/Info.plist;
				LD_RUNPATH_SEARCH_PATHS = "$(inherited) @executable_path/Frameworks @loader_path/Frameworks";
				PRODUCT_BUNDLE_IDENTIFIER = com.fyts.fywlShop.testTests;
				PRODUCT_NAME = "$(TARGET_NAME)";
				TARGETED_DEVICE_FAMILY = "1,2";
				TEST_HOST = "$(BUILT_PRODUCTS_DIR)/test.app/test";
			};
			name = Debug;
		};
		D2931F2F1FB5452F00046443 /* Release */ = {
			isa = XCBuildConfiguration;
			baseConfigurationReference = CB9B6CC9836ECED258F42780 /* Pods-testTests.release.xcconfig */;
			buildSettings = {
				BUNDLE_LOADER = "$(TEST_HOST)";
				CODE_SIGN_STYLE = Automatic;
				DEVELOPMENT_TEAM = 8BMSX4U4Z2;
				INFOPLIST_FILE = testTests/Info.plist;
				LD_RUNPATH_SEARCH_PATHS = "$(inherited) @executable_path/Frameworks @loader_path/Frameworks";
				PRODUCT_BUNDLE_IDENTIFIER = com.fyts.fywlShop.testTests;
				PRODUCT_NAME = "$(TARGET_NAME)";
				TARGETED_DEVICE_FAMILY = "1,2";
				TEST_HOST = "$(BUILT_PRODUCTS_DIR)/test.app/test";
			};
			name = Release;
		};
		D2931F311FB5452F00046443 /* Debug */ = {
			isa = XCBuildConfiguration;
			baseConfigurationReference = 58C1DB5F0BACCB7527FD6205 /* Pods-testUITests.debug.xcconfig */;
			buildSettings = {
				CODE_SIGN_STYLE = Automatic;
				DEVELOPMENT_TEAM = 8BMSX4U4Z2;
				INFOPLIST_FILE = testUITests/Info.plist;
				LD_RUNPATH_SEARCH_PATHS = "$(inherited) @executable_path/Frameworks @loader_path/Frameworks";
				PRODUCT_BUNDLE_IDENTIFIER = com.fyts.fywlShop.testUITests;
				PRODUCT_NAME = "$(TARGET_NAME)";
				TARGETED_DEVICE_FAMILY = "1,2";
				TEST_TARGET_NAME = test;
			};
			name = Debug;
		};
		D2931F321FB5452F00046443 /* Release */ = {
			isa = XCBuildConfiguration;
			baseConfigurationReference = DD47A0C084E37F5983FC1E92 /* Pods-testUITests.release.xcconfig */;
			buildSettings = {
				CODE_SIGN_STYLE = Automatic;
				DEVELOPMENT_TEAM = 8BMSX4U4Z2;
				INFOPLIST_FILE = testUITests/Info.plist;
				LD_RUNPATH_SEARCH_PATHS = "$(inherited) @executable_path/Frameworks @loader_path/Frameworks";
				PRODUCT_BUNDLE_IDENTIFIER = com.fyts.fywlShop.testUITests;
				PRODUCT_NAME = "$(TARGET_NAME)";
				TARGETED_DEVICE_FAMILY = "1,2";
				TEST_TARGET_NAME = test;
			};
			name = Release;
		};
/* End XCBuildConfiguration section */

/* Begin XCConfigurationList section */
		D2931EF91FB5452F00046443 /* Build configuration list for PBXProject "test" */ = {
			isa = XCConfigurationList;
			buildConfigurations = (
				D2931F281FB5452F00046443 /* Debug */,
				D2931F291FB5452F00046443 /* Release */,
			);
			defaultConfigurationIsVisible = 0;
			defaultConfigurationName = Release;
		};
		D2931F2A1FB5452F00046443 /* Build configuration list for PBXNativeTarget "test" */ = {
			isa = XCConfigurationList;
			buildConfigurations = (
				D2931F2B1FB5452F00046443 /* Debug */,
				D2931F2C1FB5452F00046443 /* Release */,
			);
			defaultConfigurationIsVisible = 0;
			defaultConfigurationName = Release;
		};
		D2931F2D1FB5452F00046443 /* Build configuration list for PBXNativeTarget "testTests" */ = {
			isa = XCConfigurationList;
			buildConfigurations = (
				D2931F2E1FB5452F00046443 /* Debug */,
				D2931F2F1FB5452F00046443 /* Release */,
			);
			defaultConfigurationIsVisible = 0;
			defaultConfigurationName = Release;
		};
		D2931F301FB5452F00046443 /* Build configuration list for PBXNativeTarget "testUITests" */ = {
			isa = XCConfigurationList;
			buildConfigurations = (
				D2931F311FB5452F00046443 /* Debug */,
				D2931F321FB5452F00046443 /* Release */,
			);
			defaultConfigurationIsVisible = 0;
			defaultConfigurationName = Release;
		};
/* End XCConfigurationList section */
	};
	rootObject = D2931EF61FB5452F00046443 /* Project object */;
}
